
Microsoft Visual Studio Solution File, Format Version 12.00
# Visual Studio Version 17
VisualStudioVersion = 17.7.34031.279
MinimumVisualStudioVersion = 10.0.40219.1
Project("{FAE04EC0-301F-11D3-BF4B-00C04F79EFBC}") = "HW-APP", "HW-APP.csproj", "{B6246EAC-4BE9-4F1E-B602-944EBF774F88}"
EndProject
Global
	GlobalSection(SolutionConfigurationPlatforms) = preSolution
		Debug|Any CPU = Debug|Any CPU
		Release|Any CPU = Release|Any CPU
	EndGlobalSection
	GlobalSection(ProjectConfigurationPlatforms) = postSolution
		{B6246EAC-4BE9-4F1E-B602-944EBF774F88}.Debug|Any CPU.ActiveCfg = Debug|Any CPU
		{B6246EAC-4BE9-4F1E-B602-944EBF774F88}.Debug|Any CPU.Build.0 = Debug|Any CPU
		{B6246EAC-4BE9-4F1E-B602-944EBF774F88}.Debug|Any CPU.Deploy.0 = Debug|Any CPU
		{B6246EAC-4BE9-4F1E-B602-944EBF774F88}.Release|Any CPU.ActiveCfg = Release|Any CPU
		{B6246EAC-4BE9-4F1E-B602-944EBF774F88}.Release|Any CPU.Build.0 = Release|Any CPU
		{B6246EAC-4BE9-4F1E-B602-944EBF774F88}.Release|Any CPU.Deploy.0 = Release|Any CPU
	EndGlobalSection
	GlobalSection(SolutionProperties) = preSolution
		HideSolutionNode = FALSE
	EndGlobalSection
	GlobalSection(ExtensibilityGlobals) = postSolution
		SolutionGuid = {D7ABC255-B482-47E6-AE7A-E0C0E46ED29C}
	EndGlobalSection
EndGlobal
